
Microsoft Visual Studio Solution File, Format Version 12.00
# Visual Studio Version 17
VisualStudioVersion = 17.11.35208.52
MinimumVisualStudioVersion = 10.0.40219.1
Project("{FAE04EC0-301F-11D3-BF4B-00C04F79EFBC}") = "ReqClientAPI", "ReqClientAPI.csproj", "{B86BA314-48D9-45C5-8A96-0835F6D7CE1B}"
EndProject
Project("{FAE04EC0-301F-11D3-BF4B-00C04F79EFBC}") = "APIConsole", "..\APIConsole\APIConsole.csproj", "{D89B8BA5-F435-480B-B8B8-AE31607B90BB}"
EndProject
Project("{9A19103F-16F7-4668-BE54-9A1E7A4F7556}") = "ReqClientAPI.Tests", "..\ReqClientAPI.Tests\ReqClientAPI.Tests.csproj", "{DFEB67C9-9772-4523-869A-F193FA9144D1}"
EndProject
Global
	GlobalSection(SolutionConfigurationPlatforms) = preSolution
		Debug|Any CPU = Debug|Any CPU
		Release|Any CPU = Release|Any CPU
	EndGlobalSection
	GlobalSection(ProjectConfigurationPlatforms) = postSolution
		{B86BA314-48D9-45C5-8A96-0835F6D7CE1B}.Debug|Any CPU.ActiveCfg = Debug|Any CPU
		{B86BA314-48D9-45C5-8A96-0835F6D7CE1B}.Debug|Any CPU.Build.0 = Debug|Any CPU
		{B86BA314-48D9-45C5-8A96-0835F6D7CE1B}.Release|Any CPU.ActiveCfg = Release|Any CPU
		{B86BA314-48D9-45C5-8A96-0835F6D7CE1B}.Release|Any CPU.Build.0 = Release|Any CPU
		{D89B8BA5-F435-480B-B8B8-AE31607B90BB}.Debug|Any CPU.ActiveCfg = Debug|Any CPU
		{D89B8BA5-F435-480B-B8B8-AE31607B90BB}.Debug|Any CPU.Build.0 = Debug|Any CPU
		{D89B8BA5-F435-480B-B8B8-AE31607B90BB}.Release|Any CPU.ActiveCfg = Release|Any CPU
		{D89B8BA5-F435-480B-B8B8-AE31607B90BB}.Release|Any CPU.Build.0 = Release|Any CPU
		{DFEB67C9-9772-4523-869A-F193FA9144D1}.Debug|Any CPU.ActiveCfg = Debug|Any CPU
		{DFEB67C9-9772-4523-869A-F193FA9144D1}.Debug|Any CPU.Build.0 = Debug|Any CPU
		{DFEB67C9-9772-4523-869A-F193FA9144D1}.Release|Any CPU.ActiveCfg = Release|Any CPU
		{DFEB67C9-9772-4523-869A-F193FA9144D1}.Release|Any CPU.Build.0 = Release|Any CPU
	EndGlobalSection
	GlobalSection(SolutionProperties) = preSolution
		HideSolutionNode = FALSE
	EndGlobalSection
	GlobalSection(ExtensibilityGlobals) = postSolution
		SolutionGuid = {42E7B038-944F-48A8-8A6D-3A9AC3E6BB80}
	EndGlobalSection
EndGlobal
